
Microsoft Visual Studio Solution File, Format Version 12.00
# Visual Studio Version 17
VisualStudioVersion = 17.5.33516.290
MinimumVisualStudioVersion = 10.0.40219.1
Project("{FAE04EC0-301F-11D3-BF4B-00C04F79EFBC}") = "Flamixk", "Flamixk.csproj", "{8CFC758C-19AB-4038-B390-FAFB0BF2E45F}"
EndProject
Global
	GlobalSection(SolutionConfigurationPlatforms) = preSolution
		Debug|Any CPU = Debug|Any CPU
		Release|Any CPU = Release|Any CPU
	EndGlobalSection
	GlobalSection(ProjectConfigurationPlatforms) = postSolution
		{8CFC758C-19AB-4038-B390-FAFB0BF2E45F}.Debug|Any CPU.ActiveCfg = Debug|Any CPU
		{8CFC758C-19AB-4038-B390-FAFB0BF2E45F}.Debug|Any CPU.Build.0 = Debug|Any CPU
		{8CFC758C-19AB-4038-B390-FAFB0BF2E45F}.Release|Any CPU.ActiveCfg = Release|Any CPU
		{8CFC758C-19AB-4038-B390-FAFB0BF2E45F}.Release|Any CPU.Build.0 = Release|Any CPU
	EndGlobalSection
	GlobalSection(SolutionProperties) = preSolution
		HideSolutionNode = FALSE
	EndGlobalSection
	GlobalSection(ExtensibilityGlobals) = postSolution
		SolutionGuid = {1E579B14-CC36-4FB5-8B15-65450DBF2A7A}
	EndGlobalSection
EndGlobal
